// !$*UTF8*$!
{
	archiveVersion = 1;
	classes = {
	};
	objectVersion = 50;
	objects = {

/* Begin PBXBuildFile section */
		7F6ABEEE24AEF25A0040746E /* AppDelegate.swift in Sources */ = {isa = PBXBuildFile; fileRef = 7F6ABEED24AEF25A0040746E /* AppDelegate.swift */; };
		7F6ABEF024AEF25A0040746E /* SceneDelegate.swift in Sources */ = {isa = PBXBuildFile; fileRef = 7F6ABEEF24AEF25A0040746E /* SceneDelegate.swift */; };
		7F6ABEF224AEF25A0040746E /* ViewController.swift in Sources */ = {isa = PBXBuildFile; fileRef = 7F6ABEF124AEF25A0040746E /* ViewController.swift */; };
		7F6ABEF524AEF25A0040746E /* Main.storyboard in Resources */ = {isa = PBXBuildFile; fileRef = 7F6ABEF324AEF25A0040746E /* Main.storyboard */; };
		7F6ABEF724AEF25C0040746E /* Assets.xcassets in Resources */ = {isa = PBXBuildFile; fileRef = 7F6ABEF624AEF25C0040746E /* Assets.xcassets */; };
		7F6ABEFA24AEF25C0040746E /* LaunchScreen.storyboard in Resources */ = {isa = PBXBuildFile; fileRef = 7F6ABEF824AEF25C0040746E /* LaunchScreen.storyboard */; };
		7F6ABF0224AEF88B0040746E /* PageVC.swift in Sources */ = {isa = PBXBuildFile; fileRef = 7F6ABF0124AEF88B0040746E /* PageVC.swift */; };
		7F6ABF0424AEF9D90040746E /* MenuItemCVCell.swift in Sources */ = {isa = PBXBuildFile; fileRef = 7F6ABF0324AEF9D90040746E /* MenuItemCVCell.swift */; };
		7F6ABF0624AF098D0040746E /* ThemaVC.swift in Sources */ = {isa = PBXBuildFile; fileRef = 7F6ABF0524AF098D0040746E /* ThemaVC.swift */; };
		7F6ABF0824AF09980040746E /* SentenceVC.swift in Sources */ = {isa = PBXBuildFile; fileRef = 7F6ABF0724AF09980040746E /* SentenceVC.swift */; };
/* End PBXBuildFile section */

/* Begin PBXFileReference section */
		7F6ABEEA24AEF25A0040746E /* CustomTopTab.app */ = {isa = PBXFileReference; explicitFileType = wrapper.application; includeInIndex = 0; path = CustomTopTab.app; sourceTree = BUILT_PRODUCTS_DIR; };
		7F6ABEED24AEF25A0040746E /* AppDelegate.swift */ = {isa = PBXFileReference; lastKnownFileType = sourcecode.swift; path = AppDelegate.swift; sourceTree = "<group>"; };
		7F6ABEEF24AEF25A0040746E /* SceneDelegate.swift */ = {isa = PBXFileReference; lastKnownFileType = sourcecode.swift; path = SceneDelegate.swift; sourceTree = "<group>"; };
		7F6ABEF124AEF25A0040746E /* ViewController.swift */ = {isa = PBXFileReference; lastKnownFileType = sourcecode.swift; path = ViewController.swift; sourceTree = "<group>"; };
		7F6ABEF424AEF25A0040746E /* Base */ = {isa = PBXFileReference; lastKnownFileType = file.storyboard; name = Base; path = Base.lproj/Main.storyboard; sourceTree = "<group>"; };
		7F6ABEF624AEF25C0040746E /* Assets.xcassets */ = {isa = PBXFileReference; lastKnownFileType = folder.assetcatalog; path = Assets.xcassets; sourceTree = "<group>"; };
		7F6ABEF924AEF25C0040746E /* Base */ = {isa = PBXFileReference; lastKnownFileType = file.storyboard; name = Base; path = Base.lproj/LaunchScreen.storyboard; sourceTree = "<group>"; };
		7F6ABEFB24AEF25C0040746E /* Info.plist */ = {isa = PBXFileReference; lastKnownFileType = text.plist.xml; path = Info.plist; sourceTree = "<group>"; };
		7F6ABF0124AEF88B0040746E /* PageVC.swift */ = {isa = PBXFileReference; lastKnownFileType = sourcecode.swift; path = PageVC.swift; sourceTree = "<group>"; };
		7F6ABF0324AEF9D90040746E /* MenuItemCVCell.swift */ = {isa = PBXFileReference; lastKnownFileType = sourcecode.swift; path = MenuItemCVCell.swift; sourceTree = "<group>"; };
		7F6ABF0524AF098D0040746E /* ThemaVC.swift */ = {isa = PBXFileReference; lastKnownFileType = sourcecode.swift; path = ThemaVC.swift; sourceTree = "<group>"; };
		7F6ABF0724AF09980040746E /* SentenceVC.swift */ = {isa = PBXFileReference; lastKnownFileType = sourcecode.swift; path = SentenceVC.swift; sourceTree = "<group>"; };
/* End PBXFileReference section */

/* Begin PBXFrameworksBuildPhase section */
		7F6ABEE724AEF25A0040746E /* Frameworks */ = {
			isa = PBXFrameworksBuildPhase;
			buildActionMask = 2147483647;
			files = (
			);
			runOnlyForDeploymentPostprocessing = 0;
		};
/* End PBXFrameworksBuildPhase section */

/* Begin PBXGroup section */
		7F6ABEE124AEF25A0040746E = {
			isa = PBXGroup;
			children = (
				7F6ABEEC24AEF25A0040746E /* CustomTopTab */,
				7F6ABEEB24AEF25A0040746E /* Products */,
			);
			sourceTree = "<group>";
		};
		7F6ABEEB24AEF25A0040746E /* Products */ = {
			isa = PBXGroup;
			children = (
				7F6ABEEA24AEF25A0040746E /* CustomTopTab.app */,
			);
			name = Products;
			sourceTree = "<group>";
		};
		7F6ABEEC24AEF25A0040746E /* CustomTopTab */ = {
			isa = PBXGroup;
			children = (
				7F6ABEED24AEF25A0040746E /* AppDelegate.swift */,
				7F6ABEEF24AEF25A0040746E /* SceneDelegate.swift */,
				7F6ABF0124AEF88B0040746E /* PageVC.swift */,
				7F6ABF0324AEF9D90040746E /* MenuItemCVCell.swift */,
				7F6ABEF124AEF25A0040746E /* ViewController.swift */,
				7F6ABEF324AEF25A0040746E /* Main.storyboard */,
				7F6ABEF624AEF25C0040746E /* Assets.xcassets */,
				7F6ABEF824AEF25C0040746E /* LaunchScreen.storyboard */,
				7F6ABEFB24AEF25C0040746E /* Info.plist */,
				7F6ABF0524AF098D0040746E /* ThemaVC.swift */,
				7F6ABF0724AF09980040746E /* SentenceVC.swift */,
			);
			path = CustomTopTab;
			sourceTree = "<group>";
		};
/* End PBXGroup section */

/* Begin PBXNativeTarget section */
		7F6ABEE924AEF25A0040746E /* CustomTopTab */ = {
			isa = PBXNativeTarget;
			buildConfigurationList = 7F6ABEFE24AEF25C0040746E /* Build configuration list for PBXNativeTarget "CustomTopTab" */;
			buildPhases = (
				7F6ABEE624AEF25A0040746E /* Sources */,
				7F6ABEE724AEF25A0040746E /* Frameworks */,
				7F6ABEE824AEF25A0040746E /* Resources */,
			);
			buildRules = (
			);
			dependencies = (
			);
			name = CustomTopTab;
			productName = CustomTopTab;
			productReference = 7F6ABEEA24AEF25A0040746E /* CustomTopTab.app */;
			productType = "com.apple.product-type.application";
		};
/* End PBXNativeTarget section */

/* Begin PBXProject section */
		7F6ABEE224AEF25A0040746E /* Project object */ = {
			isa = PBXProject;
			attributes = {
				LastSwiftUpdateCheck = 1150;
				LastUpgradeCheck = 1150;
				ORGANIZATIONNAME = "이주혁";
				TargetAttributes = {
					7F6ABEE924AEF25A0040746E = {
						CreatedOnToolsVersion = 11.5;
					};
				};
			};
			buildConfigurationList = 7F6ABEE524AEF25A0040746E /* Build configuration list for PBXProject "CustomTopTab" */;
			compatibilityVersion = "Xcode 9.3";
			developmentRegion = en;
			hasScannedForEncodings = 0;
			knownRegions = (
				en,
				Base,
			);
			mainGroup = 7F6ABEE124AEF25A0040746E;
			productRefGroup = 7F6ABEEB24AEF25A0040746E /* Products */;
			projectDirPath = "";
			projectRoot = "";
			targets = (
				7F6ABEE924AEF25A0040746E /* CustomTopTab */,
			);
		};
/* End PBXProject section */

/* Begin PBXResourcesBuildPhase section */
		7F6ABEE824AEF25A0040746E /* Resources */ = {
			isa = PBXResourcesBuildPhase;
			buildActionMask = 2147483647;
			files = (
				7F6ABEFA24AEF25C0040746E /* LaunchScreen.storyboard in Resources */,
				7F6ABEF724AEF25C0040746E /* Assets.xcassets in Resources */,
				7F6ABEF524AEF25A0040746E /* Main.storyboard in Resources */,
			);
			runOnlyForDeploymentPostprocessing = 0;
		};
/* End PBXResourcesBuildPhase section */

/* Begin PBXSourcesBuildPhase section */
		7F6ABEE624AEF25A0040746E /* Sources */ = {
			isa = PBXSourcesBuildPhase;
			buildActionMask = 2147483647;
			files = (
				7F6ABEF224AEF25A0040746E /* ViewController.swift in Sources */,
				7F6ABF0224AEF88B0040746E /* PageVC.swift in Sources */,
				7F6ABF0624AF098D0040746E /* ThemaVC.swift in Sources */,
				7F6ABF0424AEF9D90040746E /* MenuItemCVCell.swift in Sources */,
				7F6ABEEE24AEF25A0040746E /* AppDelegate.swift in Sources */,
				7F6ABF0824AF09980040746E /* SentenceVC.swift in Sources */,
				7F6ABEF024AEF25A0040746E /* SceneDelegate.swift in Sources */,
			);
			runOnlyForDeploymentPostprocessing = 0;
		};
/* End PBXSourcesBuildPhase section */

/* Begin PBXVariantGroup section */
		7F6ABEF324AEF25A0040746E /* Main.storyboard */ = {
			isa = PBXVariantGroup;
			children = (
				7F6ABEF424AEF25A0040746E /* Base */,
			);
			name = Main.storyboard;
			sourceTree = "<group>";
		};
		7F6ABEF824AEF25C0040746E /* LaunchScreen.storyboard */ = {
			isa = PBXVariantGroup;
			children = (
				7F6ABEF924AEF25C0040746E /* Base */,
			);
			name = LaunchScreen.storyboard;
			sourceTree = "<group>";
		};
/* End PBXVariantGroup section */

/* Begin XCBuildConfiguration section */
		7F6ABEFC24AEF25C0040746E /* Debug */ = {
			isa = XCBuildConfiguration;
			buildSettings = {
				ALWAYS_SEARCH_USER_PATHS = NO;
				CLANG_ANALYZER_NONNULL = YES;
				CLANG_ANALYZER_NUMBER_OBJECT_CONVERSION = YES_AGGRESSIVE;
				CLANG_CXX_LANGUAGE_STANDARD = "gnu++14";
				CLANG_CXX_LIBRARY = "libc++";
				CLANG_ENABLE_MODULES = YES;
				CLANG_ENABLE_OBJC_ARC = YES;
				CLANG_ENABLE_OBJC_WEAK = YES;
				CLANG_WARN_BLOCK_CAPTURE_AUTORELEASING = YES;
				CLANG_WARN_BOOL_CONVERSION = YES;
				CLANG_WARN_COMMA = YES;
				CLANG_WARN_CONSTANT_CONVERSION = YES;
				CLANG_WARN_DEPRECATED_OBJC_IMPLEMENTATIONS = YES;
				CLANG_WARN_DIRECT_OBJC_ISA_USAGE = YES_ERROR;
				CLANG_WARN_DOCUMENTATION_COMMENTS = YES;
				CLANG_WARN_EMPTY_BODY = YES;
				CLANG_WARN_ENUM_CONVERSION = YES;
				CLANG_WARN_INFINITE_RECURSION = YES;
				CLANG_WARN_INT_CONVERSION = YES;
				CLANG_WARN_NON_LITERAL_NULL_CONVERSION = YES;
				CLANG_WARN_OBJC_IMPLICIT_RETAIN_SELF = YES;
				CLANG_WARN_OBJC_LITERAL_CONVERSION = YES;
				CLANG_WARN_OBJC_ROOT_CLASS = YES_ERROR;
				CLANG_WARN_RANGE_LOOP_ANALYSIS = YES;
				CLANG_WARN_STRICT_PROTOTYPES = YES;
				CLANG_WARN_SUSPICIOUS_MOVE = YES;
				CLANG_WARN_UNGUARDED_AVAILABILITY = YES_AGGRESSIVE;
				CLANG_WARN_UNREACHABLE_CODE = YES;
				CLANG_WARN__DUPLICATE_METHOD_MATCH = YES;
				COPY_PHASE_STRIP = NO;
				DEBUG_INFORMATION_FORMAT = dwarf;
				ENABLE_STRICT_OBJC_MSGSEND = YES;
				ENABLE_TESTABILITY = YES;
				GCC_C_LANGUAGE_STANDARD = gnu11;
				GCC_DYNAMIC_NO_PIC = NO;
				GCC_NO_COMMON_BLOCKS = YES;
				GCC_OPTIMIZATION_LEVEL = 0;
				GCC_PREPROCESSOR_DEFINITIONS = (
					"DEBUG=1",
					"$(inherited)",
				);
				GCC_WARN_64_TO_32_BIT_CONVERSION = YES;
				GCC_WARN_ABOUT_RETURN_TYPE = YES_ERROR;
				GCC_WARN_UNDECLARED_SELECTOR = YES;
				GCC_WARN_UNINITIALIZED_AUTOS = YES_AGGRESSIVE;
				GCC_WARN_UNUSED_FUNCTION = YES;
				GCC_WARN_UNUSED_VARIABLE = YES;
				IPHONEOS_DEPLOYMENT_TARGET = 13.5;
				MTL_ENABLE_DEBUG_INFO = INCLUDE_SOURCE;
				MTL_FAST_MATH = YES;
				ONLY_ACTIVE_ARCH = YES;
				SDKROOT = iphoneos;
				SWIFT_ACTIVE_COMPILATION_CONDITIONS = DEBUG;
				SWIFT_OPTIMIZATION_LEVEL = "-Onone";
			};
			name = Debug;
		};
		7F6ABEFD24AEF25C0040746E /* Release */ = {
			isa = XCBuildConfiguration;
			buildSettings = {
				ALWAYS_SEARCH_USER_PATHS = NO;
				CLANG_ANALYZER_NONNULL = YES;
				CLANG_ANALYZER_NUMBER_OBJECT_CONVERSION = YES_AGGRESSIVE;
				CLANG_CXX_LANGUAGE_STANDARD = "gnu++14";
				CLANG_CXX_LIBRARY = "libc++";
				CLANG_ENABLE_MODULES = YES;
				CLANG_ENABLE_OBJC_ARC = YES;
				CLANG_ENABLE_OBJC_WEAK = YES;
				CLANG_WARN_BLOCK_CAPTURE_AUTORELEASING = YES;
				CLANG_WARN_BOOL_CONVERSION = YES;
				CLANG_WARN_COMMA = YES;
				CLANG_WARN_CONSTANT_CONVERSION = YES;
				CLANG_WARN_DEPRECATED_OBJC_IMPLEMENTATIONS = YES;
				CLANG_WARN_DIRECT_OBJC_ISA_USAGE = YES_ERROR;
				CLANG_WARN_DOCUMENTATION_COMMENTS = YES;
				CLANG_WARN_EMPTY_BODY = YES;
				CLANG_WARN_ENUM_CONVERSION = YES;
				CLANG_WARN_INFINITE_RECURSION = YES;
				CLANG_WARN_INT_CONVERSION = YES;
				CLANG_WARN_NON_LITERAL_NULL_CONVERSION = YES;
				CLANG_WARN_OBJC_IMPLICIT_RETAIN_SELF = YES;
				CLANG_WARN_OBJC_LITERAL_CONVERSION = YES;
				CLANG_WARN_OBJC_ROOT_CLASS = YES_ERROR;
				CLANG_WARN_RANGE_LOOP_ANALYSIS = YES;
				CLANG_WARN_STRICT_PROTOTYPES = YES;
				CLANG_WARN_SUSPICIOUS_MOVE = YES;
				CLANG_WARN_UNGUARDED_AVAILABILITY = YES_AGGRESSIVE;
				CLANG_WARN_UNREACHABLE_CODE = YES;
				CLANG_WARN__DUPLICATE_METHOD_MATCH = YES;
				COPY_PHASE_STRIP = NO;
				DEBUG_INFORMATION_FORMAT = "dwarf-with-dsym";
				ENABLE_NS_ASSERTIONS = NO;
				ENABLE_STRICT_OBJC_MSGSEND = YES;
				GCC_C_LANGUAGE_STANDARD = gnu11;
				GCC_NO_COMMON_BLOCKS = YES;
				GCC_WARN_64_TO_32_BIT_CONVERSION = YES;
				GCC_WARN_ABOUT_RETURN_TYPE = YES_ERROR;
				GCC_WARN_UNDECLARED_SELECTOR = YES;
				GCC_WARN_UNINITIALIZED_AUTOS = YES_AGGRESSIVE;
				GCC_WARN_UNUSED_FUNCTION = YES;
				GCC_WARN_UNUSED_VARIABLE = YES;
				IPHONEOS_DEPLOYMENT_TARGET = 13.5;
				MTL_ENABLE_DEBUG_INFO = NO;
				MTL_FAST_MATH = YES;
				SDKROOT = iphoneos;
				SWIFT_COMPILATION_MODE = wholemodule;
				SWIFT_OPTIMIZATION_LEVEL = "-O";
				VALIDATE_PRODUCT = YES;
			};
			name = Release;
		};
		7F6ABEFF24AEF25C0040746E /* Debug */ = {
			isa = XCBuildConfiguration;
			buildSettings = {
				ASSETCATALOG_COMPILER_APPICON_NAME = AppIcon;
				CODE_SIGN_STYLE = Automatic;
				DEVELOPMENT_TEAM = HAWSBW2KW5;
				INFOPLIST_FILE = CustomTopTab/Info.plist;
				LD_RUNPATH_SEARCH_PATHS = (
					"$(inherited)",
					"@executable_path/Frameworks",
				);
				PRODUCT_BUNDLE_IDENTIFIER = io.github.juhyeoklee.CustomTopTab;
				PRODUCT_NAME = "$(TARGET_NAME)";
				SWIFT_VERSION = 5.0;
				TARGETED_DEVICE_FAMILY = "1,2";
			};
			name = Debug;
		};
		7F6ABF0024AEF25C0040746E /* Release */ = {
			isa = XCBuildConfiguration;
			buildSettings = {
				ASSETCATALOG_COMPILER_APPICON_NAME = AppIcon;
				CODE_SIGN_STYLE = Automatic;
				DEVELOPMENT_TEAM = HAWSBW2KW5;
				INFOPLIST_FILE = CustomTopTab/Info.plist;
				LD_RUNPATH_SEARCH_PATHS = (
					"$(inherited)",
					"@executable_path/Frameworks",
				);
				PRODUCT_BUNDLE_IDENTIFIER = io.github.juhyeoklee.CustomTopTab;
				PRODUCT_NAME = "$(TARGET_NAME)";
				SWIFT_VERSION = 5.0;
				TARGETED_DEVICE_FAMILY = "1,2";
			};
			name = Release;
		};
/* End XCBuildConfiguration section */

/* Begin XCConfigurationList section */
		7F6ABEE524AEF25A0040746E /* Build configuration list for PBXProject "CustomTopTab" */ = {
			isa = XCConfigurationList;
			buildConfigurations = (
				7F6ABEFC24AEF25C0040746E /* Debug */,
				7F6ABEFD24AEF25C0040746E /* Release */,
			);
			defaultConfigurationIsVisible = 0;
			defaultConfigurationName = Release;
		};
		7F6ABEFE24AEF25C0040746E /* Build configuration list for PBXNativeTarget "CustomTopTab" */ = {
			isa = XCConfigurationList;
			buildConfigurations = (
				7F6ABEFF24AEF25C0040746E /* Debug */,
				7F6ABF0024AEF25C0040746E /* Release */,
			);
			defaultConfigurationIsVisible = 0;
			defaultConfigurationName = Release;
		};
/* End XCConfigurationList section */
	};
	rootObject = 7F6ABEE224AEF25A0040746E /* Project object */;
}
